// !$*UTF8*$!
{
	archiveVersion = 1;
	classes = {
	};
	objectVersion = 46;
	objects = {

/* Begin PBXBuildFile section */
		08F74D0819DE72C10016B5F0 /* AppDelegate.swift in Sources */ = {isa = PBXBuildFile; fileRef = 08F74D0719DE72C10016B5F0 /* AppDelegate.swift */; };
		08F74D0A19DE72C10016B5F0 /* ViewController.swift in Sources */ = {isa = PBXBuildFile; fileRef = 08F74D0919DE72C10016B5F0 /* ViewController.swift */; };
		08F74D0D19DE72C10016B5F0 /* Main.storyboard in Resources */ = {isa = PBXBuildFile; fileRef = 08F74D0B19DE72C10016B5F0 /* Main.storyboard */; };
		08F74D0F19DE72C10016B5F0 /* Images.xcassets in Resources */ = {isa = PBXBuildFile; fileRef = 08F74D0E19DE72C10016B5F0 /* Images.xcassets */; };
		08F74D1219DE72C10016B5F0 /* LaunchScreen.xib in Resources */ = {isa = PBXBuildFile; fileRef = 08F74D1019DE72C10016B5F0 /* LaunchScreen.xib */; };
		08F74D1E19DE72C10016B5F0 /* PostcardTests.swift in Sources */ = {isa = PBXBuildFile; fileRef = 08F74D1D19DE72C10016B5F0 /* PostcardTests.swift */; };
/* End PBXBuildFile section */

/* Begin PBXContainerItemProxy section */
		08F74D1819DE72C10016B5F0 /* PBXContainerItemProxy */ = {
			isa = PBXContainerItemProxy;
			containerPortal = 08F74CFA19DE72C10016B5F0 /* Project object */;
			proxyType = 1;
			remoteGlobalIDString = 08F74D0119DE72C10016B5F0;
			remoteInfo = Postcard;
		};
/* End PBXContainerItemProxy section */

/* Begin PBXFileReference section */
		08F74D0219DE72C10016B5F0 /* Postcard.app */ = {isa = PBXFileReference; explicitFileType = wrapper.application; includeInIndex = 0; path = Postcard.app; sourceTree = BUILT_PRODUCTS_DIR; };
		08F74D0619DE72C10016B5F0 /* Info.plist */ = {isa = PBXFileReference; lastKnownFileType = text.plist.xml; path = Info.plist; sourceTree = "<group>"; };
		08F74D0719DE72C10016B5F0 /* AppDelegate.swift */ = {isa = PBXFileReference; lastKnownFileType = sourcecode.swift; path = AppDelegate.swift; sourceTree = "<group>"; };
		08F74D0919DE72C10016B5F0 /* ViewController.swift */ = {isa = PBXFileReference; lastKnownFileType = sourcecode.swift; path = ViewController.swift; sourceTree = "<group>"; };
		08F74D0C19DE72C10016B5F0 /* Base */ = {isa = PBXFileReference; lastKnownFileType = file.storyboard; name = Base; path = Base.lproj/Main.storyboard; sourceTree = "<group>"; };
		08F74D0E19DE72C10016B5F0 /* Images.xcassets */ = {isa = PBXFileReference; lastKnownFileType = folder.assetcatalog; path = Images.xcassets; sourceTree = "<group>"; };
		08F74D1119DE72C10016B5F0 /* Base */ = {isa = PBXFileReference; lastKnownFileType = file.xib; name = Base; path = Base.lproj/LaunchScreen.xib; sourceTree = "<group>"; };
		08F74D1719DE72C10016B5F0 /* PostcardTests.xctest */ = {isa = PBXFileReference; explicitFileType = wrapper.cfbundle; includeInIndex = 0; path = PostcardTests.xctest; sourceTree = BUILT_PRODUCTS_DIR; };
		08F74D1C19DE72C10016B5F0 /* Info.plist */ = {isa = PBXFileReference; lastKnownFileType = text.plist.xml; path = Info.plist; sourceTree = "<group>"; };
		08F74D1D19DE72C10016B5F0 /* PostcardTests.swift */ = {isa = PBXFileReference; lastKnownFileType = sourcecode.swift; path = PostcardTests.swift; sourceTree = "<group>"; };
/* End PBXFileReference section */

/* Begin PBXFrameworksBuildPhase section */
		08F74CFF19DE72C10016B5F0 /* Frameworks */ = {
			isa = PBXFrameworksBuildPhase;
			buildActionMask = 2147483647;
			files = (
			);
			runOnlyForDeploymentPostprocessing = 0;
		};
		08F74D1419DE72C10016B5F0 /* Frameworks */ = {
			isa = PBXFrameworksBuildPhase;
			buildActionMask = 2147483647;
			files = (
			);
			runOnlyForDeploymentPostprocessing = 0;
		};
/* End PBXFrameworksBuildPhase section */

/* Begin PBXGroup section */
		08F74CF919DE72C10016B5F0 = {
			isa = PBXGroup;
			children = (
				08F74D0419DE72C10016B5F0 /* Postcard */,
				08F74D1A19DE72C10016B5F0 /* PostcardTests */,
				08F74D0319DE72C10016B5F0 /* Products */,
			);
			sourceTree = "<group>";
		};
		08F74D0319DE72C10016B5F0 /* Products */ = {
			isa = PBXGroup;
			children = (
				08F74D0219DE72C10016B5F0 /* Postcard.app */,
				08F74D1719DE72C10016B5F0 /* PostcardTests.xctest */,
			);
			name = Products;
			sourceTree = "<group>";
		};
		08F74D0419DE72C10016B5F0 /* Postcard */ = {
			isa = PBXGroup;
			children = (
				08F74D0719DE72C10016B5F0 /* AppDelegate.swift */,
				08F74D0919DE72C10016B5F0 /* ViewController.swift */,
				08F74D0B19DE72C10016B5F0 /* Main.storyboard */,
				08F74D0E19DE72C10016B5F0 /* Images.xcassets */,
				08F74D1019DE72C10016B5F0 /* LaunchScreen.xib */,
				08F74D0519DE72C10016B5F0 /* Supporting Files */,
			);
			path = Postcard;
			sourceTree = "<group>";
		};
		08F74D0519DE72C10016B5F0 /* Supporting Files */ = {
			isa = PBXGroup;
			children = (
				08F74D0619DE72C10016B5F0 /* Info.plist */,
			);
			name = "Supporting Files";
			sourceTree = "<group>";
		};
		08F74D1A19DE72C10016B5F0 /* PostcardTests */ = {
			isa = PBXGroup;
			children = (
				08F74D1D19DE72C10016B5F0 /* PostcardTests.swift */,
				08F74D1B19DE72C10016B5F0 /* Supporting Files */,
			);
			path = PostcardTests;
			sourceTree = "<group>";
		};
		08F74D1B19DE72C10016B5F0 /* Supporting Files */ = {
			isa = PBXGroup;
			children = (
				08F74D1C19DE72C10016B5F0 /* Info.plist */,
			);
			name = "Supporting Files";
			sourceTree = "<group>";
		};
/* End PBXGroup section */

/* Begin PBXNativeTarget section */
		08F74D0119DE72C10016B5F0 /* Postcard */ = {
			isa = PBXNativeTarget;
			buildConfigurationList = 08F74D2119DE72C10016B5F0 /* Build configuration list for PBXNativeTarget "Postcard" */;
			buildPhases = (
				08F74CFE19DE72C10016B5F0 /* Sources */,
				08F74CFF19DE72C10016B5F0 /* Frameworks */,
				08F74D0019DE72C10016B5F0 /* Resources */,
			);
			buildRules = (
			);
			dependencies = (
			);
			name = Postcard;
			productName = Postcard;
			productReference = 08F74D0219DE72C10016B5F0 /* Postcard.app */;
			productType = "com.apple.product-type.application";
		};
		08F74D1619DE72C10016B5F0 /* PostcardTests */ = {
			isa = PBXNativeTarget;
			buildConfigurationList = 08F74D2419DE72C10016B5F0 /* Build configuration list for PBXNativeTarget "PostcardTests" */;
			buildPhases = (
				08F74D1319DE72C10016B5F0 /* Sources */,
				08F74D1419DE72C10016B5F0 /* Frameworks */,
				08F74D1519DE72C10016B5F0 /* Resources */,
			);
			buildRules = (
			);
			dependencies = (
				08F74D1919DE72C10016B5F0 /* PBXTargetDependency */,
			);
			name = PostcardTests;
			productName = PostcardTests;
			productReference = 08F74D1719DE72C10016B5F0 /* PostcardTests.xctest */;
			productType = "com.apple.product-type.bundle.unit-test";
		};
/* End PBXNativeTarget section */

/* Begin PBXProject section */
		08F74CFA19DE72C10016B5F0 /* Project object */ = {
			isa = PBXProject;
			attributes = {
				LastUpgradeCheck = 0600;
				ORGANIZATIONNAME = "TREVOR E GRIFFIN";
				TargetAttributes = {
					08F74D0119DE72C10016B5F0 = {
						CreatedOnToolsVersion = 6.0.1;
					};
					08F74D1619DE72C10016B5F0 = {
						CreatedOnToolsVersion = 6.0.1;
						TestTargetID = 08F74D0119DE72C10016B5F0;
					};
				};
			};
			buildConfigurationList = 08F74CFD19DE72C10016B5F0 /* Build configuration list for PBXProject "Postcard" */;
			compatibilityVersion = "Xcode 3.2";
			developmentRegion = English;
			hasScannedForEncodings = 0;
			knownRegions = (
				en,
				Base,
			);
			mainGroup = 08F74CF919DE72C10016B5F0;
			productRefGroup = 08F74D0319DE72C10016B5F0 /* Products */;
			projectDirPath = "";
			projectRoot = "";
			targets = (
				08F74D0119DE72C10016B5F0 /* Postcard */,
				08F74D1619DE72C10016B5F0 /* PostcardTests */,
			);
		};
/* End PBXProject section */

/* Begin PBXResourcesBuildPhase section */
		08F74D0019DE72C10016B5F0 /* Resources */ = {
			isa = PBXResourcesBuildPhase;
			buildActionMask = 2147483647;
			files = (
				08F74D0D19DE72C10016B5F0 /* Main.storyboard in Resources */,
				08F74D1219DE72C10016B5F0 /* LaunchScreen.xib in Resources */,
				08F74D0F19DE72C10016B5F0 /* Images.xcassets in Resources */,
			);
			runOnlyForDeploymentPostprocessing = 0;
		};
		08F74D1519DE72C10016B5F0 /* Resources */ = {
			isa = PBXResourcesBuildPhase;
			buildActionMask = 2147483647;
			files = (
			);
			runOnlyForDeploymentPostprocessing = 0;
		};
/* End PBXResourcesBuildPhase section */

/* Begin PBXSourcesBuildPhase section */
		08F74CFE19DE72C10016B5F0 /* Sources */ = {
			isa = PBXSourcesBuildPhase;
			buildActionMask = 2147483647;
			files = (
				08F74D0A19DE72C10016B5F0 /* ViewController.swift in Sources */,
				08F74D0819DE72C10016B5F0 /* AppDelegate.swift in Sources */,
			);
			runOnlyForDeploymentPostprocessing = 0;
		};
		08F74D1319DE72C10016B5F0 /* Sources */ = {
			isa = PBXSourcesBuildPhase;
			buildActionMask = 2147483647;
			files = (
				08F74D1E19DE72C10016B5F0 /* PostcardTests.swift in Sources */,
			);
			runOnlyForDeploymentPostprocessing = 0;
		};
/* End PBXSourcesBuildPhase section */

/* Begin PBXTargetDependency section */
		08F74D1919DE72C10016B5F0 /* PBXTargetDependency */ = {
			isa = PBXTargetDependency;
			target = 08F74D0119DE72C10016B5F0 /* Postcard */;
			targetProxy = 08F74D1819DE72C10016B5F0 /* PBXContainerItemProxy */;
		};
/* End PBXTargetDependency section */

/* Begin PBXVariantGroup section */
		08F74D0B19DE72C10016B5F0 /* Main.storyboard */ = {
			isa = PBXVariantGroup;
			children = (
				08F74D0C19DE72C10016B5F0 /* Base */,
			);
			name = Main.storyboard;
			sourceTree = "<group>";
		};
		08F74D1019DE72C10016B5F0 /* LaunchScreen.xib */ = {
			isa = PBXVariantGroup;
			children = (
				08F74D1119DE72C10016B5F0 /* Base */,
			);
			name = LaunchScreen.xib;
			sourceTree = "<group>";
		};
/* End PBXVariantGroup section */

/* Begin XCBuildConfiguration section */
		08F74D1F19DE72C10016B5F0 /* Debug */ = {
			isa = XCBuildConfiguration;
			buildSettings = {
				ALWAYS_SEARCH_USER_PATHS = NO;
				CLANG_CXX_LANGUAGE_STANDARD = "gnu++0x";
				CLANG_CXX_LIBRARY = "libc++";
				CLANG_ENABLE_MODULES = YES;
				CLANG_ENABLE_OBJC_ARC = YES;
				CLANG_WARN_BOOL_CONVERSION = YES;
				CLANG_WARN_CONSTANT_CONVERSION = YES;
				CLANG_WARN_DIRECT_OBJC_ISA_USAGE = YES_ERROR;
				CLANG_WARN_EMPTY_BODY = YES;
				CLANG_WARN_ENUM_CONVERSION = YES;
				CLANG_WARN_INT_CONVERSION = YES;
				CLANG_WARN_OBJC_ROOT_CLASS = YES_ERROR;
				CLANG_WARN_UNREACHABLE_CODE = YES;
				CLANG_WARN__DUPLICATE_METHOD_MATCH = YES;
				"CODE_SIGN_IDENTITY[sdk=iphoneos*]" = "iPhone Developer";
				COPY_PHASE_STRIP = NO;
				ENABLE_STRICT_OBJC_MSGSEND = YES;
				GCC_C_LANGUAGE_STANDARD = gnu99;
				GCC_DYNAMIC_NO_PIC = NO;
				GCC_OPTIMIZATION_LEVEL = 0;
				GCC_PREPROCESSOR_DEFINITIONS = (
					"DEBUG=1",
					"$(inherited)",
				);
				GCC_SYMBOLS_PRIVATE_EXTERN = NO;
				GCC_WARN_64_TO_32_BIT_CONVERSION = YES;
				GCC_WARN_ABOUT_RETURN_TYPE = YES_ERROR;
				GCC_WARN_UNDECLARED_SELECTOR = YES;
				GCC_WARN_UNINITIALIZED_AUTOS = YES_AGGRESSIVE;
				GCC_WARN_UNUSED_FUNCTION = YES;
				GCC_WARN_UNUSED_VARIABLE = YES;
				IPHONEOS_DEPLOYMENT_TARGET = 8.0;
				MTL_ENABLE_DEBUG_INFO = YES;
				ONLY_ACTIVE_ARCH = YES;
				SDKROOT = iphoneos;
				SWIFT_OPTIMIZATION_LEVEL = "-Onone";
				TARGETED_DEVICE_FAMILY = "1,2";
			};
			name = Debug;
		};
		08F74D2019DE72C10016B5F0 /* Release */ = {
			isa = XCBuildConfiguration;
			buildSettings = {
				ALWAYS_SEARCH_USER_PATHS = NO;
				CLANG_CXX_LANGUAGE_STANDARD = "gnu++0x";
				CLANG_CXX_LIBRARY = "libc++";
				CLANG_ENABLE_MODULES = YES;
				CLANG_ENABLE_OBJC_ARC = YES;
				CLANG_WARN_BOOL_CONVERSION = YES;
				CLANG_WARN_CONSTANT_CONVERSION = YES;
				CLANG_WARN_DIRECT_OBJC_ISA_USAGE = YES_ERROR;
				CLANG_WARN_EMPTY_BODY = YES;
				CLANG_WARN_ENUM_CONVERSION = YES;
				CLANG_WARN_INT_CONVERSION = YES;
				CLANG_WARN_OBJC_ROOT_CLASS = YES_ERROR;
				CLANG_WARN_UNREACHABLE_CODE = YES;
				CLANG_WARN__DUPLICATE_METHOD_MATCH = YES;
				"CODE_SIGN_IDENTITY[sdk=iphoneos*]" = "iPhone Developer";
				COPY_PHASE_STRIP = YES;
				ENABLE_NS_ASSERTIONS = NO;
				ENABLE_STRICT_OBJC_MSGSEND = YES;
				GCC_C_LANGUAGE_STANDARD = gnu99;
				GCC_WARN_64_TO_32_BIT_CONVERSION = YES;
				GCC_WARN_ABOUT_RETURN_TYPE = YES_ERROR;
				GCC_WARN_UNDECLARED_SELECTOR = YES;
				GCC_WARN_UNINITIALIZED_AUTOS = YES_AGGRESSIVE;
				GCC_WARN_UNUSED_FUNCTION = YES;
				GCC_WARN_UNUSED_VARIABLE = YES;
				IPHONEOS_DEPLOYMENT_TARGET = 8.0;
				MTL_ENABLE_DEBUG_INFO = NO;
				SDKROOT = iphoneos;
				TARGETED_DEVICE_FAMILY = "1,2";
				VALIDATE_PRODUCT = YES;
			};
			name = Release;
		};
		08F74D2219DE72C10016B5F0 /* Debug */ = {
			isa = XCBuildConfiguration;
			buildSettings = {
				ASSETCATALOG_COMPILER_APPICON_NAME = AppIcon;
				INFOPLIST_FILE = Postcard/Info.plist;
				LD_RUNPATH_SEARCH_PATHS = "$(inherited) @executable_path/Frameworks";
				PRODUCT_NAME = "$(TARGET_NAME)";
			};
			name = Debug;
		};
		08F74D2319DE72C10016B5F0 /* Release */ = {
			isa = XCBuildConfiguration;
			buildSettings = {
				ASSETCATALOG_COMPILER_APPICON_NAME = AppIcon;
				INFOPLIST_FILE = Postcard/Info.plist;
				LD_RUNPATH_SEARCH_PATHS = "$(inherited) @executable_path/Frameworks";
				PRODUCT_NAME = "$(TARGET_NAME)";
			};
			name = Release;
		};
		08F74D2519DE72C10016B5F0 /* Debug */ = {
			isa = XCBuildConfiguration;
			buildSettings = {
				BUNDLE_LOADER = "$(TEST_HOST)";
				FRAMEWORK_SEARCH_PATHS = (
					"$(SDKROOT)/Developer/Library/Frameworks",
					"$(inherited)",
				);
				GCC_PREPROCESSOR_DEFINITIONS = (
					"DEBUG=1",
					"$(inherited)",
				);
				INFOPLIST_FILE = PostcardTests/Info.plist;
				LD_RUNPATH_SEARCH_PATHS = "$(inherited) @executable_path/Frameworks @loader_path/Frameworks";
				PRODUCT_NAME = "$(TARGET_NAME)";
				TEST_HOST = "$(BUILT_PRODUCTS_DIR)/Postcard.app/Postcard";
			};
			name = Debug;
		};
		08F74D2619DE72C10016B5F0 /* Release */ = {
			isa = XCBuildConfiguration;
			buildSettings = {
				BUNDLE_LOADER = "$(TEST_HOST)";
				FRAMEWORK_SEARCH_PATHS = (
					"$(SDKROOT)/Developer/Library/Frameworks",
					"$(inherited)",
				);
				INFOPLIST_FILE = PostcardTests/Info.plist;
				LD_RUNPATH_SEARCH_PATHS = "$(inherited) @executable_path/Frameworks @loader_path/Frameworks";
				PRODUCT_NAME = "$(TARGET_NAME)";
				TEST_HOST = "$(BUILT_PRODUCTS_DIR)/Postcard.app/Postcard";
			};
			name = Release;
		};
/* End XCBuildConfiguration section */

/* Begin XCConfigurationList section */
		08F74CFD19DE72C10016B5F0 /* Build configuration list for PBXProject "Postcard" */ = {
			isa = XCConfigurationList;
			buildConfigurations = (
				08F74D1F19DE72C10016B5F0 /* Debug */,
				08F74D2019DE72C10016B5F0 /* Release */,
			);
			defaultConfigurationIsVisible = 0;
			defaultConfigurationName = Release;
		};
		08F74D2119DE72C10016B5F0 /* Build configuration list for PBXNativeTarget "Postcard" */ = {
			isa = XCConfigurationList;
			buildConfigurations = (
				08F74D2219DE72C10016B5F0 /* Debug */,
				08F74D2319DE72C10016B5F0 /* Release */,
			);
			defaultConfigurationIsVisible = 0;
		};
		08F74D2419DE72C10016B5F0 /* Build configuration list for PBXNativeTarget "PostcardTests" */ = {
			isa = XCConfigurationList;
			buildConfigurations = (
				08F74D2519DE72C10016B5F0 /* Debug */,
				08F74D2619DE72C10016B5F0 /* Release */,
			);
			defaultConfigurationIsVisible = 0;
		};
/* End XCConfigurationList section */
	};
	rootObject = 08F74CFA19DE72C10016B5F0 /* Project object */;
}
